
Microsoft Visual Studio Solution File, Format Version 12.00
# Visual Studio Version 17
VisualStudioVersion = 17.0.31903.59
MinimumVisualStudioVersion = 10.0.40219.1
Project("{FAE04EC0-301F-11D3-BF4B-00C04F79EFBC}") = "ConditionalStatements", "ConditionalStatements\ConditionalStatements.csproj", "{6B45998E-F147-421E-9EDF-5EB8C56465DD}"
EndProject
Project("{FAE04EC0-301F-11D3-BF4B-00C04F79EFBC}") = "IterationStatements", "IterationStatements\IterationStatements.csproj", "{626F2447-59AE-447F-ABF3-72173398B857}"
EndProject
Project("{FAE04EC0-301F-11D3-BF4B-00C04F79EFBC}") = "Random", "Random\Random.csproj", "{39E6E575-ADF6-49D1-9900-E6DFBB3D0ECC}"
EndProject
Project("{FAE04EC0-301F-11D3-BF4B-00C04F79EFBC}") = "Arrays", "Arrays\Arrays.csproj", "{F36E0232-42C5-46CA-A283-A16474A479B4}"
EndProject
Project("{FAE04EC0-301F-11D3-BF4B-00C04F79EFBC}") = "Lists", "Lists\Lists.csproj", "{EEA1E331-2653-4815-9028-1FF5DA718CEA}"
EndProject
Project("{FAE04EC0-301F-11D3-BF4B-00C04F79EFBC}") = "Dates", "Dates\Dates.csproj", "{DBD8CC49-9B8F-44A2-BF64-E09FB5FF406A}"
EndProject
Project("{FAE04EC0-301F-11D3-BF4B-00C04F79EFBC}") = "WorkingWithText", "WorkingWithText\WorkingWithText.csproj", "{BBDF59DB-3CD4-43F2-8660-FD37C6A40935}"
EndProject
Project("{FAE04EC0-301F-11D3-BF4B-00C04F79EFBC}") = "Procedural Programming", "Procedural Programming\Procedural Programming.csproj", "{60817B6B-63A3-4253-8ED6-E93F077777E5}"
EndProject
Project("{FAE04EC0-301F-11D3-BF4B-00C04F79EFBC}") = "WorkingWithFiles", "WorkingWithFiles\WorkingWithFiles.csproj", "{9459AEF4-4D66-483C-8F7C-4056F1CC8CA3}"
EndProject
Global
	GlobalSection(SolutionConfigurationPlatforms) = preSolution
		Debug|Any CPU = Debug|Any CPU
		Release|Any CPU = Release|Any CPU
	EndGlobalSection
	GlobalSection(SolutionProperties) = preSolution
		HideSolutionNode = FALSE
	EndGlobalSection
	GlobalSection(ProjectConfigurationPlatforms) = postSolution
		{6B45998E-F147-421E-9EDF-5EB8C56465DD}.Debug|Any CPU.ActiveCfg = Debug|Any CPU
		{6B45998E-F147-421E-9EDF-5EB8C56465DD}.Debug|Any CPU.Build.0 = Debug|Any CPU
		{6B45998E-F147-421E-9EDF-5EB8C56465DD}.Release|Any CPU.ActiveCfg = Release|Any CPU
		{6B45998E-F147-421E-9EDF-5EB8C56465DD}.Release|Any CPU.Build.0 = Release|Any CPU
		{626F2447-59AE-447F-ABF3-72173398B857}.Debug|Any CPU.ActiveCfg = Debug|Any CPU
		{626F2447-59AE-447F-ABF3-72173398B857}.Debug|Any CPU.Build.0 = Debug|Any CPU
		{626F2447-59AE-447F-ABF3-72173398B857}.Release|Any CPU.ActiveCfg = Release|Any CPU
		{626F2447-59AE-447F-ABF3-72173398B857}.Release|Any CPU.Build.0 = Release|Any CPU
		{39E6E575-ADF6-49D1-9900-E6DFBB3D0ECC}.Debug|Any CPU.ActiveCfg = Debug|Any CPU
		{39E6E575-ADF6-49D1-9900-E6DFBB3D0ECC}.Debug|Any CPU.Build.0 = Debug|Any CPU
		{39E6E575-ADF6-49D1-9900-E6DFBB3D0ECC}.Release|Any CPU.ActiveCfg = Release|Any CPU
		{39E6E575-ADF6-49D1-9900-E6DFBB3D0ECC}.Release|Any CPU.Build.0 = Release|Any CPU
		{F36E0232-42C5-46CA-A283-A16474A479B4}.Debug|Any CPU.ActiveCfg = Debug|Any CPU
		{F36E0232-42C5-46CA-A283-A16474A479B4}.Debug|Any CPU.Build.0 = Debug|Any CPU
		{F36E0232-42C5-46CA-A283-A16474A479B4}.Release|Any CPU.ActiveCfg = Release|Any CPU
		{F36E0232-42C5-46CA-A283-A16474A479B4}.Release|Any CPU.Build.0 = Release|Any CPU
		{EEA1E331-2653-4815-9028-1FF5DA718CEA}.Debug|Any CPU.ActiveCfg = Debug|Any CPU
		{EEA1E331-2653-4815-9028-1FF5DA718CEA}.Debug|Any CPU.Build.0 = Debug|Any CPU
		{EEA1E331-2653-4815-9028-1FF5DA718CEA}.Release|Any CPU.ActiveCfg = Release|Any CPU
		{EEA1E331-2653-4815-9028-1FF5DA718CEA}.Release|Any CPU.Build.0 = Release|Any CPU
		{DBD8CC49-9B8F-44A2-BF64-E09FB5FF406A}.Debug|Any CPU.ActiveCfg = Debug|Any CPU
		{DBD8CC49-9B8F-44A2-BF64-E09FB5FF406A}.Debug|Any CPU.Build.0 = Debug|Any CPU
		{DBD8CC49-9B8F-44A2-BF64-E09FB5FF406A}.Release|Any CPU.ActiveCfg = Release|Any CPU
		{DBD8CC49-9B8F-44A2-BF64-E09FB5FF406A}.Release|Any CPU.Build.0 = Release|Any CPU
		{BBDF59DB-3CD4-43F2-8660-FD37C6A40935}.Debug|Any CPU.ActiveCfg = Debug|Any CPU
		{BBDF59DB-3CD4-43F2-8660-FD37C6A40935}.Debug|Any CPU.Build.0 = Debug|Any CPU
		{BBDF59DB-3CD4-43F2-8660-FD37C6A40935}.Release|Any CPU.ActiveCfg = Release|Any CPU
		{BBDF59DB-3CD4-43F2-8660-FD37C6A40935}.Release|Any CPU.Build.0 = Release|Any CPU
		{60817B6B-63A3-4253-8ED6-E93F077777E5}.Debug|Any CPU.ActiveCfg = Debug|Any CPU
		{60817B6B-63A3-4253-8ED6-E93F077777E5}.Debug|Any CPU.Build.0 = Debug|Any CPU
		{60817B6B-63A3-4253-8ED6-E93F077777E5}.Release|Any CPU.ActiveCfg = Release|Any CPU
		{60817B6B-63A3-4253-8ED6-E93F077777E5}.Release|Any CPU.Build.0 = Release|Any CPU
		{9459AEF4-4D66-483C-8F7C-4056F1CC8CA3}.Debug|Any CPU.ActiveCfg = Debug|Any CPU
		{9459AEF4-4D66-483C-8F7C-4056F1CC8CA3}.Debug|Any CPU.Build.0 = Debug|Any CPU
		{9459AEF4-4D66-483C-8F7C-4056F1CC8CA3}.Release|Any CPU.ActiveCfg = Release|Any CPU
		{9459AEF4-4D66-483C-8F7C-4056F1CC8CA3}.Release|Any CPU.Build.0 = Release|Any CPU
	EndGlobalSection
EndGlobal
